PODS:
  - JSPatch (1.1.2):
    - JSPatch/Core (= 1.1.2)
  - JSPatch/Core (1.1.2)
  - JSPatch/Extensions (1.1.2):
    - JSPatch/Core
  - JSPatch/JPCFunction (1.1.2):
    - JSPatch/Core
  - JSPatchPlatform (1.6.6):
    - JSPatchPlatform/Core (= 1.6.6)
  - JSPatchPlatform/Core (1.6.6):
    - JSPatch

DEPENDENCIES:
  - JSPatch/Extensions
  - JSPatch/JPCFunction
  - JSPatchPlatform

SPEC CHECKSUMS:
  JSPatch: 741205ebb2e2238c223a436e4c8cf75cf40a345f
  JSPatchPlatform: 8cc9aaebe21109d5fdfb4500384ddf38ed0990e9

PODFILE CHECKSUM: ec863ce3bef2ec12e22ed63257cc09cc3ea7eee5

COCOAPODS: 1.1.1
